{
  "version": "5",
  "specifiers": {
    "jsr:@david/console-static-text@0.3": "0.3.0",
    "jsr:@david/dax@0.43.2": "0.43.2",
    "jsr:@david/path@0.2": "0.2.0",
    "jsr:@david/which@~0.4.1": "0.4.1",
    "jsr:@mjackson/multipart-parser@0.8.2": "0.8.2",
    "jsr:@std/bytes@^1.0.5": "1.0.5",
    "jsr:@std/cli@1.0.19": "1.0.19",
    "jsr:@std/fmt@1": "1.0.7",
    "jsr:@std/fs@1": "1.0.17",
    "jsr:@std/io@0.225": "0.225.2",
    "jsr:@std/path@1": "1.1.0",
    "jsr:@std/path@1.1.0": "1.1.0",
    "jsr:@std/path@^1.0.9": "1.1.0",
    "npm:@mjackson/headers@0.10": "0.10.0",
    "npm:node-taglib-sharp@6.0.1": "6.0.1"
  },
  "jsr": {
    "@david/console-static-text@0.3.0": {
      "integrity": "2dfb46ecee525755f7989f94ece30bba85bd8ffe3e8666abc1bf926e1ee0698d"
    },
    "@david/dax@0.43.2": {
      "integrity": "8c7df175465d994c0e3568e3eb91102768c2f1c86d2a513d7fc4cab13f9cb328",
      "dependencies": [
        "jsr:@david/console-static-text",
        "jsr:@david/path",
        "jsr:@david/which",
        "jsr:@std/fmt",
        "jsr:@std/fs",
        "jsr:@std/io",
        "jsr:@std/path@1"
      ]
    },
    "@david/path@0.2.0": {
      "integrity": "f2d7aa7f02ce5a55e27c09f9f1381794acb09d328f8d3c8a2e3ab3ffc294dccd",
      "dependencies": [
        "jsr:@std/fs",
        "jsr:@std/path@1"
      ]
    },
    "@david/which@0.4.1": {
      "integrity": "896a682b111f92ab866cc70c5b4afab2f5899d2f9bde31ed00203b9c250f225e"
    },
    "@mjackson/multipart-parser@0.8.2": {
      "integrity": "9cd6181ff46ab2bfd44550d4e2240d5135e3b0c1a2368fcec445b71c79cdc71f",
      "dependencies": [
        "npm:@mjackson/headers"
      ]
    },
    "@std/bytes@1.0.5": {
      "integrity": "4465dd739d7963d964c809202ebea6d5c6b8e3829ef25c6a224290fbb8a1021e"
    },
    "@std/cli@1.0.19": {
      "integrity": "b3601a54891f89f3f738023af11960c4e6f7a45dc76cde39a6861124cba79e88"
    },
    "@std/fmt@1.0.7": {
      "integrity": "2a727c043d8df62cd0b819b3fb709b64dd622e42c3b1bb817ea7e6cc606360fb"
    },
    "@std/fs@1.0.17": {
      "integrity": "1c00c632677c1158988ef7a004cb16137f870aafdb8163b9dce86ec652f3952b",
      "dependencies": [
        "jsr:@std/path@^1.0.9"
      ]
    },
    "@std/io@0.225.2": {
      "integrity": "3c740cd4ee4c082e6cfc86458f47e2ab7cb353dc6234d5e9b1f91a2de5f4d6c7",
      "dependencies": [
        "jsr:@std/bytes"
      ]
    },
    "@std/path@1.1.0": {
      "integrity": "ddc94f8e3c275627281cbc23341df6b8bcc874d70374f75fec2533521e3d6886"
    }
  },
  "npm": {
    "@mjackson/headers@0.10.0": {
      "integrity": "sha512-U1Eu1gF979k7ZoIBsJyD+T5l9MjtPONsZfoXfktsQHPJD0s7SokBGx+tLKDLsOY+gzVYAWS0yRFDNY8cgbQzWQ=="
    },
    "iconv-lite@0.6.3": {
      "integrity": "sha512-4fCk79wshMdzMp2rH06qWrJE4iolqLhCUH+OiuIgU++RB0+94NlDL81atO7GX55uUKueo0txHNtvEyI6D7WdMw==",
      "dependencies": [
        "safer-buffer"
      ]
    },
    "invert-kv@3.0.1": {
      "integrity": "sha512-CYdFeFexxhv/Bcny+Q0BfOV+ltRlJcd4BBZBYFX/O0u4npJrgZtIcjokegtiSMAvlMTJ+Koq0GBCc//3bueQxw=="
    },
    "lcid@3.1.1": {
      "integrity": "sha512-M6T051+5QCGLBQb8id3hdvIW8+zeFV2FyBGFS9IEK5H9Wt4MueD4bW1eWikpHgZp+5xR3l5c8pZUkQsIA0BFZg==",
      "dependencies": [
        "invert-kv"
      ]
    },
    "node-taglib-sharp@6.0.1": {
      "integrity": "sha512-Q1TX4W+010JC0140x1PjwuEiylbQyZir0nOwvsQ5dAsS6e/lSq0PEiSqC/Vq5uj6oS44/FA+D4hQInVRIIXQ+Q==",
      "dependencies": [
        "iconv-lite",
        "os-locale",
        "uuid"
      ]
    },
    "os-locale@6.0.2": {
      "integrity": "sha512-qIb8bzRqaN/vVqEYZ7lTAg6PonskO7xOmM7OClD28F6eFa4s5XGe4bGpHUHMoCHbNNuR0pDYFeSLiW5bnjWXIA==",
      "dependencies": [
        "lcid"
      ]
    },
    "safer-buffer@2.1.2": {
      "integrity": "sha512-YZo3K82SD7Riyi0E1EQPojLz7kpepnSQI9IyPbHHg1XXXevb5dJI7tpyN2ADxGcQbHG7vcyRHk0cbwqcQriUtg=="
    },
    "uuid@8.3.2": {
      "integrity": "sha512-+NYs2QeMWy+GWFOEm9xnn6HCDp0l7QBD7ml8zLUmJ+93Q5NF0NocErnwkTkXVFNiX3/fpC6afS8Dhb/gz7R7eg==",
      "bin": true
    }
  },
  "workspace": {
    "dependencies": [
      "jsr:@david/dax@0.43.2",
      "jsr:@mjackson/multipart-parser@0.8.2",
      "jsr:@std/cli@1.0.19",
      "jsr:@std/path@1.1.0",
      "npm:node-taglib-sharp@6.0.1"
    ]
  }
}
