{
  "version": "4",
  "specifiers": {
    "jsr:@david/dax@0.42.0": "0.42.0",
    "jsr:@david/path@0.2": "0.2.0",
    "jsr:@david/which@~0.4.1": "0.4.1",
    "jsr:@luca/esbuild-deno-loader@0.11.0": "0.11.0",
    "jsr:@mjackson/multipart-parser@0.6.2": "0.6.2",
    "jsr:@std/assert@0.221": "0.221.0",
    "jsr:@std/bytes@0.221": "0.221.0",
    "jsr:@std/bytes@^1.0.2": "1.0.4",
    "jsr:@std/cli@1.0.7": "1.0.7",
    "jsr:@std/encoding@^1.0.5": "1.0.5",
    "jsr:@std/fmt@1": "1.0.3",
    "jsr:@std/fs@1": "1.0.6",
    "jsr:@std/io@0.221": "0.221.0",
    "jsr:@std/path@1": "1.0.8",
    "jsr:@std/path@1.0.8": "1.0.8",
    "jsr:@std/path@^1.0.6": "1.0.8",
    "jsr:@std/path@^1.0.8": "1.0.8",
    "jsr:@std/streams@0.221": "0.221.0",
    "npm:@mjackson/headers@0.5": "0.5.1",
    "npm:@types/react@*": "18.3.12",
    "npm:esbuild@0.24.0": "0.24.0",
    "npm:node-taglib-sharp@6.0.0": "6.0.0",
    "npm:react-bootstrap@2.10.6": "2.10.6_react@18.3.1_react-dom@18.3.1__react@18.3.1",
    "npm:react-dom@18.3.1": "18.3.1_react@18.3.1",
    "npm:react@18.3.1": "18.3.1"
  },
  "jsr": {
    "@david/dax@0.42.0": {
      "integrity": "0c547c9a20577a6072b90def194c159c9ddab82280285ebfd8268a4ebefbd80b",
      "dependencies": [
        "jsr:@david/path",
        "jsr:@david/which",
        "jsr:@std/fmt",
        "jsr:@std/fs",
        "jsr:@std/io",
        "jsr:@std/path@1",
        "jsr:@std/streams"
      ]
    },
    "@david/path@0.2.0": {
      "integrity": "f2d7aa7f02ce5a55e27c09f9f1381794acb09d328f8d3c8a2e3ab3ffc294dccd",
      "dependencies": [
        "jsr:@std/fs",
        "jsr:@std/path@1"
      ]
    },
    "@david/which@0.4.1": {
      "integrity": "896a682b111f92ab866cc70c5b4afab2f5899d2f9bde31ed00203b9c250f225e"
    },
    "@luca/esbuild-deno-loader@0.11.0": {
      "integrity": "c05a989aa7c4ee6992a27be5f15cfc5be12834cab7ff84cabb47313737c51a2c",
      "dependencies": [
        "jsr:@std/bytes@^1.0.2",
        "jsr:@std/encoding",
        "jsr:@std/path@^1.0.6"
      ]
    },
    "@mjackson/multipart-parser@0.6.2": {
      "integrity": "a4c0c003e565ef9a529a69fcf06d7892d29d88504743299374fa75acbecff895",
      "dependencies": [
        "npm:@mjackson/headers"
      ]
    },
    "@std/assert@0.221.0": {
      "integrity": "a5f1aa6e7909dbea271754fd4ab3f4e687aeff4873b4cef9a320af813adb489a"
    },
    "@std/bytes@0.221.0": {
      "integrity": "64a047011cf833890a4a2ab7293ac55a1b4f5a050624ebc6a0159c357de91966"
    },
    "@std/bytes@1.0.4": {
      "integrity": "11a0debe522707c95c7b7ef89b478c13fb1583a7cfb9a85674cd2cc2e3a28abc"
    },
    "@std/cli@1.0.7": {
      "integrity": "98359df9df586a69015ba570305183b0cb9e7d53c05ea2016ef9a3e77e82c7cd"
    },
    "@std/encoding@1.0.5": {
      "integrity": "ecf363d4fc25bd85bd915ff6733a7e79b67e0e7806334af15f4645c569fefc04"
    },
    "@std/fmt@1.0.3": {
      "integrity": "97765c16aa32245ff4e2204ecf7d8562496a3cb8592340a80e7e554e0bb9149f"
    },
    "@std/fs@1.0.6": {
      "integrity": "42b56e1e41b75583a21d5a37f6a6a27de9f510bcd36c0c85791d685ca0b85fa2",
      "dependencies": [
        "jsr:@std/path@^1.0.8"
      ]
    },
    "@std/io@0.221.0": {
      "integrity": "faf7f8700d46ab527fa05cc6167f4b97701a06c413024431c6b4d207caa010da",
      "dependencies": [
        "jsr:@std/assert",
        "jsr:@std/bytes@0.221"
      ]
    },
    "@std/path@1.0.8": {
      "integrity": "548fa456bb6a04d3c1a1e7477986b6cffbce95102d0bb447c67c4ee70e0364be"
    },
    "@std/streams@0.221.0": {
      "integrity": "47f2f74634b47449277c0ee79fe878da4424b66bd8975c032e3afdca88986e61",
      "dependencies": [
        "jsr:@std/io"
      ]
    }
  },
  "npm": {
    "@babel/runtime@7.26.0": {
      "integrity": "sha512-FDSOghenHTiToteC/QRlv2q3DhPZ/oOXTBoirfWNx1Cx3TMVcGWQtMMmQcSvb/JjpNeGzx8Pq/b4fKEJuWm1sw==",
      "dependencies": [
        "regenerator-runtime"
      ]
    },
    "@esbuild/aix-ppc64@0.24.0": {
      "integrity": "sha512-WtKdFM7ls47zkKHFVzMz8opM7LkcsIp9amDUBIAWirg70RM71WRSjdILPsY5Uv1D42ZpUfaPILDlfactHgsRkw=="
    },
    "@esbuild/android-arm64@0.24.0": {
      "integrity": "sha512-Vsm497xFM7tTIPYK9bNTYJyF/lsP590Qc1WxJdlB6ljCbdZKU9SY8i7+Iin4kyhV/KV5J2rOKsBQbB77Ab7L/w=="
    },
    "@esbuild/android-arm@0.24.0": {
      "integrity": "sha512-arAtTPo76fJ/ICkXWetLCc9EwEHKaeya4vMrReVlEIUCAUncH7M4bhMQ+M9Vf+FFOZJdTNMXNBrWwW+OXWpSew=="
    },
    "@esbuild/android-x64@0.24.0": {
      "integrity": "sha512-t8GrvnFkiIY7pa7mMgJd7p8p8qqYIz1NYiAoKc75Zyv73L3DZW++oYMSHPRarcotTKuSs6m3hTOa5CKHaS02TQ=="
    },
    "@esbuild/darwin-arm64@0.24.0": {
      "integrity": "sha512-CKyDpRbK1hXwv79soeTJNHb5EiG6ct3efd/FTPdzOWdbZZfGhpbcqIpiD0+vwmpu0wTIL97ZRPZu8vUt46nBSw=="
    },
    "@esbuild/darwin-x64@0.24.0": {
      "integrity": "sha512-rgtz6flkVkh58od4PwTRqxbKH9cOjaXCMZgWD905JOzjFKW+7EiUObfd/Kav+A6Gyud6WZk9w+xu6QLytdi2OA=="
    },
    "@esbuild/freebsd-arm64@0.24.0": {
      "integrity": "sha512-6Mtdq5nHggwfDNLAHkPlyLBpE5L6hwsuXZX8XNmHno9JuL2+bg2BX5tRkwjyfn6sKbxZTq68suOjgWqCicvPXA=="
    },
    "@esbuild/freebsd-x64@0.24.0": {
      "integrity": "sha512-D3H+xh3/zphoX8ck4S2RxKR6gHlHDXXzOf6f/9dbFt/NRBDIE33+cVa49Kil4WUjxMGW0ZIYBYtaGCa2+OsQwQ=="
    },
    "@esbuild/linux-arm64@0.24.0": {
      "integrity": "sha512-TDijPXTOeE3eaMkRYpcy3LarIg13dS9wWHRdwYRnzlwlA370rNdZqbcp0WTyyV/k2zSxfko52+C7jU5F9Tfj1g=="
    },
    "@esbuild/linux-arm@0.24.0": {
      "integrity": "sha512-gJKIi2IjRo5G6Glxb8d3DzYXlxdEj2NlkixPsqePSZMhLudqPhtZ4BUrpIuTjJYXxvF9njql+vRjB2oaC9XpBw=="
    },
    "@esbuild/linux-ia32@0.24.0": {
      "integrity": "sha512-K40ip1LAcA0byL05TbCQ4yJ4swvnbzHscRmUilrmP9Am7//0UjPreh4lpYzvThT2Quw66MhjG//20mrufm40mA=="
    },
    "@esbuild/linux-loong64@0.24.0": {
      "integrity": "sha512-0mswrYP/9ai+CU0BzBfPMZ8RVm3RGAN/lmOMgW4aFUSOQBjA31UP8Mr6DDhWSuMwj7jaWOT0p0WoZ6jeHhrD7g=="
    },
    "@esbuild/linux-mips64el@0.24.0": {
      "integrity": "sha512-hIKvXm0/3w/5+RDtCJeXqMZGkI2s4oMUGj3/jM0QzhgIASWrGO5/RlzAzm5nNh/awHE0A19h/CvHQe6FaBNrRA=="
    },
    "@esbuild/linux-ppc64@0.24.0": {
      "integrity": "sha512-HcZh5BNq0aC52UoocJxaKORfFODWXZxtBaaZNuN3PUX3MoDsChsZqopzi5UupRhPHSEHotoiptqikjN/B77mYQ=="
    },
    "@esbuild/linux-riscv64@0.24.0": {
      "integrity": "sha512-bEh7dMn/h3QxeR2KTy1DUszQjUrIHPZKyO6aN1X4BCnhfYhuQqedHaa5MxSQA/06j3GpiIlFGSsy1c7Gf9padw=="
    },
    "@esbuild/linux-s390x@0.24.0": {
      "integrity": "sha512-ZcQ6+qRkw1UcZGPyrCiHHkmBaj9SiCD8Oqd556HldP+QlpUIe2Wgn3ehQGVoPOvZvtHm8HPx+bH20c9pvbkX3g=="
    },
    "@esbuild/linux-x64@0.24.0": {
      "integrity": "sha512-vbutsFqQ+foy3wSSbmjBXXIJ6PL3scghJoM8zCL142cGaZKAdCZHyf+Bpu/MmX9zT9Q0zFBVKb36Ma5Fzfa8xA=="
    },
    "@esbuild/netbsd-x64@0.24.0": {
      "integrity": "sha512-hjQ0R/ulkO8fCYFsG0FZoH+pWgTTDreqpqY7UnQntnaKv95uP5iW3+dChxnx7C3trQQU40S+OgWhUVwCjVFLvg=="
    },
    "@esbuild/openbsd-arm64@0.24.0": {
      "integrity": "sha512-MD9uzzkPQbYehwcN583yx3Tu5M8EIoTD+tUgKF982WYL9Pf5rKy9ltgD0eUgs8pvKnmizxjXZyLt0z6DC3rRXg=="
    },
    "@esbuild/openbsd-x64@0.24.0": {
      "integrity": "sha512-4ir0aY1NGUhIC1hdoCzr1+5b43mw99uNwVzhIq1OY3QcEwPDO3B7WNXBzaKY5Nsf1+N11i1eOfFcq+D/gOS15Q=="
    },
    "@esbuild/sunos-x64@0.24.0": {
      "integrity": "sha512-jVzdzsbM5xrotH+W5f1s+JtUy1UWgjU0Cf4wMvffTB8m6wP5/kx0KiaLHlbJO+dMgtxKV8RQ/JvtlFcdZ1zCPA=="
    },
    "@esbuild/win32-arm64@0.24.0": {
      "integrity": "sha512-iKc8GAslzRpBytO2/aN3d2yb2z8XTVfNV0PjGlCxKo5SgWmNXx82I/Q3aG1tFfS+A2igVCY97TJ8tnYwpUWLCA=="
    },
    "@esbuild/win32-ia32@0.24.0": {
      "integrity": "sha512-vQW36KZolfIudCcTnaTpmLQ24Ha1RjygBo39/aLkM2kmjkWmZGEJ5Gn9l5/7tzXA42QGIoWbICfg6KLLkIw6yw=="
    },
    "@esbuild/win32-x64@0.24.0": {
      "integrity": "sha512-7IAFPrjSQIJrGsK6flwg7NFmwBoSTyF3rl7If0hNUFQU4ilTsEPL6GuMuU9BfIWVVGuRnuIidkSMC+c0Otu8IA=="
    },
    "@mjackson/headers@0.5.1": {
      "integrity": "sha512-sJpFgecPT/zJvwk3GRNVWNs8EkwaJoUNU2D0VMlp+gDJs6cuSTm1q/aCZi3ZtuV6CgDEQ4l2ZjUG3A9JrQlbNA=="
    },
    "@popperjs/core@2.11.8": {
      "integrity": "sha512-P1st0aksCrn9sGZhp8GMYwBnQsbvAWsZAX44oXNNvLHGqAOcoVxmjZiohstwQ7SqKnbR47akdNi+uleWD8+g6A=="
    },
    "@react-aria/ssr@3.9.7_react@18.3.1": {
      "integrity": "sha512-GQygZaGlmYjmYM+tiNBA5C6acmiDWF52Nqd40bBp0Znk4M4hP+LTmI0lpI1BuKMw45T8RIhrAsICIfKwZvi2Gg==",
      "dependencies": [
        "@swc/helpers",
        "react"
      ]
    },
    "@restart/hooks@0.4.16_react@18.3.1": {
      "integrity": "sha512-f7aCv7c+nU/3mF7NWLtVVr0Ra80RqsO89hO72r+Y/nvQr5+q0UFGkocElTH6MJApvReVh6JHUFYn2cw1WdHF3w==",
      "dependencies": [
        "dequal",
        "react"
      ]
    },
    "@restart/hooks@0.5.0_react@18.3.1": {
      "integrity": "sha512-wS+h6IusJCPjTkmOOrRZxIPICD/mtFA3PRZviutoM23/b7akyDGfZF/WS+nIFk27u7JDhPE2+0GBdZxjSqHZkg==",
      "dependencies": [
        "dequal",
        "react"
      ]
    },
    "@restart/ui@1.9.1_react@18.3.1_react-dom@18.3.1__react@18.3.1": {
      "integrity": "sha512-qghR21ynHiUrpcIkKCoKYB+3rJtezY5Y7ikrwradCL+7hZHdQ2Ozc5ffxtpmpahoAGgc31gyXaSx2sXXaThmqA==",
      "dependencies": [
        "@babel/runtime",
        "@popperjs/core",
        "@react-aria/ssr",
        "@restart/hooks@0.5.0_react@18.3.1",
        "@types/warning",
        "dequal",
        "dom-helpers",
        "react",
        "react-dom",
        "uncontrollable@8.0.4_react@18.3.1",
        "warning"
      ]
    },
    "@swc/helpers@0.5.15": {
      "integrity": "sha512-JQ5TuMi45Owi4/BIMAJBoSQoOJu12oOk/gADqlcUL9JEdHB8vyjUSsxqeNXnmXHjYKMi2WcYtezGEEhqUI/E2g==",
      "dependencies": [
        "tslib"
      ]
    },
    "@types/prop-types@15.7.13": {
      "integrity": "sha512-hCZTSvwbzWGvhqxp/RqVqwU999pBf2vp7hzIjiYOsl8wqOmUxkQ6ddw1cV3l8811+kdUFus/q4d1Y3E3SyEifA=="
    },
    "@types/react-transition-group@4.4.11": {
      "integrity": "sha512-RM05tAniPZ5DZPzzNFP+DmrcOdD0efDUxMy3145oljWSl3x9ZV5vhme98gTxFrj2lhXvmGNnUiuDyJgY9IKkNA==",
      "dependencies": [
        "@types/react"
      ]
    },
    "@types/react@18.3.12": {
      "integrity": "sha512-D2wOSq/d6Agt28q7rSI3jhU7G6aiuzljDGZ2hTZHIkrTLUI+AF3WMeKkEZ9nN2fkBAlcktT6vcZjDFiIhMYEQw==",
      "dependencies": [
        "@types/prop-types",
        "csstype"
      ]
    },
    "@types/warning@3.0.3": {
      "integrity": "sha512-D1XC7WK8K+zZEveUPY+cf4+kgauk8N4eHr/XIHXGlGYkHLud6hK9lYfZk1ry1TNh798cZUCgb6MqGEG8DkJt6Q=="
    },
    "classnames@2.5.1": {
      "integrity": "sha512-saHYOzhIQs6wy2sVxTM6bUDsQO4F50V9RQ22qBpEdCW+I+/Wmke2HOl6lS6dTpdxVhb88/I6+Hs+438c3lfUow=="
    },
    "csstype@3.1.3": {
      "integrity": "sha512-M1uQkMl8rQK/szD0LNhtqxIPLpimGm8sOBwU7lLnCpSbTyY3yeU1Vc7l4KT5zT4s/yOxHH5O7tIuuLOCnLADRw=="
    },
    "dequal@2.0.3": {
      "integrity": "sha512-0je+qPKHEMohvfRTCEo3CrPG6cAzAYgmzKyxRiYSSDkS6eGJdyVJm7WaYA5ECaAD9wLB2T4EEeymA5aFVcYXCA=="
    },
    "dom-helpers@5.2.1": {
      "integrity": "sha512-nRCa7CK3VTrM2NmGkIy4cbK7IZlgBE/PYMn55rrXefr5xXDP0LdtfPnblFDoVdcAfslJ7or6iqAUnx0CCGIWQA==",
      "dependencies": [
        "@babel/runtime",
        "csstype"
      ]
    },
    "esbuild@0.24.0": {
      "integrity": "sha512-FuLPevChGDshgSicjisSooU0cemp/sGXR841D5LHMB7mTVOmsEHcAxaH3irL53+8YDIeVNQEySh4DaYU/iuPqQ==",
      "dependencies": [
        "@esbuild/aix-ppc64",
        "@esbuild/android-arm",
        "@esbuild/android-arm64",
        "@esbuild/android-x64",
        "@esbuild/darwin-arm64",
        "@esbuild/darwin-x64",
        "@esbuild/freebsd-arm64",
        "@esbuild/freebsd-x64",
        "@esbuild/linux-arm",
        "@esbuild/linux-arm64",
        "@esbuild/linux-ia32",
        "@esbuild/linux-loong64",
        "@esbuild/linux-mips64el",
        "@esbuild/linux-ppc64",
        "@esbuild/linux-riscv64",
        "@esbuild/linux-s390x",
        "@esbuild/linux-x64",
        "@esbuild/netbsd-x64",
        "@esbuild/openbsd-arm64",
        "@esbuild/openbsd-x64",
        "@esbuild/sunos-x64",
        "@esbuild/win32-arm64",
        "@esbuild/win32-ia32",
        "@esbuild/win32-x64"
      ]
    },
    "iconv-lite@0.6.3": {
      "integrity": "sha512-4fCk79wshMdzMp2rH06qWrJE4iolqLhCUH+OiuIgU++RB0+94NlDL81atO7GX55uUKueo0txHNtvEyI6D7WdMw==",
      "dependencies": [
        "safer-buffer"
      ]
    },
    "invariant@2.2.4": {
      "integrity": "sha512-phJfQVBuaJM5raOpJjSfkiD6BpbCE4Ns//LaXl6wGYtUBY83nWS6Rf9tXm2e8VaK60JEjYldbPif/A2B1C2gNA==",
      "dependencies": [
        "loose-envify"
      ]
    },
    "invert-kv@3.0.1": {
      "integrity": "sha512-CYdFeFexxhv/Bcny+Q0BfOV+ltRlJcd4BBZBYFX/O0u4npJrgZtIcjokegtiSMAvlMTJ+Koq0GBCc//3bueQxw=="
    },
    "js-tokens@4.0.0": {
      "integrity": "sha512-RdJUflcE3cUzKiMqQgsCu06FPu9UdIJO0beYbPhHN4k6apgJtifcoCtT9bcxOpYBtpD2kCM6Sbzg4CausW/PKQ=="
    },
    "lcid@3.1.1": {
      "integrity": "sha512-M6T051+5QCGLBQb8id3hdvIW8+zeFV2FyBGFS9IEK5H9Wt4MueD4bW1eWikpHgZp+5xR3l5c8pZUkQsIA0BFZg==",
      "dependencies": [
        "invert-kv"
      ]
    },
    "loose-envify@1.4.0": {
      "integrity": "sha512-lyuxPGr/Wfhrlem2CL/UcnUc1zcqKAImBDzukY7Y5F/yQiNdko6+fRLevlw1HgMySw7f611UIY408EtxRSoK3Q==",
      "dependencies": [
        "js-tokens"
      ]
    },
    "node-taglib-sharp@6.0.0": {
      "integrity": "sha512-RjYnlyalaN2/g7+XMxKnJIQZCqaOLQdao0IK+7yQNVgAby9vNHWlSOAJxXH7ZR7TvKVhmnwbc4PeafJDxDWzcg==",
      "dependencies": [
        "iconv-lite",
        "os-locale",
        "uuid"
      ]
    },
    "object-assign@4.1.1": {
      "integrity": "sha512-rJgTQnkUnH1sFw8yT6VSU3zD3sWmu6sZhIseY8VX+GRu3P6F7Fu+JNDoXfklElbLJSnc3FUQHVe4cU5hj+BcUg=="
    },
    "os-locale@6.0.2": {
      "integrity": "sha512-qIb8bzRqaN/vVqEYZ7lTAg6PonskO7xOmM7OClD28F6eFa4s5XGe4bGpHUHMoCHbNNuR0pDYFeSLiW5bnjWXIA==",
      "dependencies": [
        "lcid"
      ]
    },
    "prop-types-extra@1.1.1_react@18.3.1": {
      "integrity": "sha512-59+AHNnHYCdiC+vMwY52WmvP5dM3QLeoumYuEyceQDi9aEhtwN9zIQ2ZNo25sMyXnbh32h+P1ezDsUpUH3JAew==",
      "dependencies": [
        "react",
        "react-is",
        "warning"
      ]
    },
    "prop-types@15.8.1": {
      "integrity": "sha512-oj87CgZICdulUohogVAR7AjlC0327U4el4L6eAvOqCeudMDVU0NThNaV+b9Df4dXgSP1gXMTnPdhfe/2qDH5cg==",
      "dependencies": [
        "loose-envify",
        "object-assign",
        "react-is"
      ]
    },
    "react-bootstrap@2.10.6_react@18.3.1_react-dom@18.3.1__react@18.3.1": {
      "integrity": "sha512-fNvKytSp0nHts1WRnRBJeBEt+I9/ZdrnhIjWOucEduRNvFRU1IXjZueDdWnBiqsTSJ7MckQJi9i/hxGolaRq+g==",
      "dependencies": [
        "@babel/runtime",
        "@restart/hooks@0.4.16_react@18.3.1",
        "@restart/ui",
        "@types/react-transition-group",
        "classnames",
        "dom-helpers",
        "invariant",
        "prop-types",
        "prop-types-extra",
        "react",
        "react-dom",
        "react-transition-group",
        "uncontrollable@7.2.1_react@18.3.1",
        "warning"
      ]
    },
    "react-dom@18.3.1_react@18.3.1": {
      "integrity": "sha512-5m4nQKp+rZRb09LNH59GM4BxTh9251/ylbKIbpe7TpGxfJ+9kv6BLkLBXIjjspbgbnIBNqlI23tRnTWT0snUIw==",
      "dependencies": [
        "loose-envify",
        "react",
        "scheduler"
      ]
    },
    "react-is@16.13.1": {
      "integrity": "sha512-24e6ynE2H+OKt4kqsOvNd8kBpV65zoxbA4BVsEOB3ARVWQki/DHzaUoC5KuON/BiccDaCCTZBuOcfZs70kR8bQ=="
    },
    "react-lifecycles-compat@3.0.4": {
      "integrity": "sha512-fBASbA6LnOU9dOU2eW7aQ8xmYBSXUIWr+UmF9b1efZBazGNO+rcXT/icdKnYm2pTwcRylVUYwW7H1PHfLekVzA=="
    },
    "react-transition-group@4.4.5_react@18.3.1_react-dom@18.3.1__react@18.3.1": {
      "integrity": "sha512-pZcd1MCJoiKiBR2NRxeCRg13uCXbydPnmB4EOeRrY7480qNWO8IIgQG6zlDkm6uRMsURXPuKq0GWtiM59a5Q6g==",
      "dependencies": [
        "@babel/runtime",
        "dom-helpers",
        "loose-envify",
        "prop-types",
        "react",
        "react-dom"
      ]
    },
    "react@18.3.1": {
      "integrity": "sha512-wS+hAgJShR0KhEvPJArfuPVN1+Hz1t0Y6n5jLrGQbkb4urgPE/0Rve+1kMB1v/oWgHgm4WIcV+i7F2pTVj+2iQ==",
      "dependencies": [
        "loose-envify"
      ]
    },
    "regenerator-runtime@0.14.1": {
      "integrity": "sha512-dYnhHh0nJoMfnkZs6GmmhFknAGRrLznOu5nc9ML+EJxGvrx6H7teuevqVqCuPcPK//3eDrrjQhehXVx9cnkGdw=="
    },
    "safer-buffer@2.1.2": {
      "integrity": "sha512-YZo3K82SD7Riyi0E1EQPojLz7kpepnSQI9IyPbHHg1XXXevb5dJI7tpyN2ADxGcQbHG7vcyRHk0cbwqcQriUtg=="
    },
    "scheduler@0.23.2": {
      "integrity": "sha512-UOShsPwz7NrMUqhR6t0hWjFduvOzbtv7toDH1/hIrfRNIDBnnBWd0CwJTGvTpngVlmwGCdP9/Zl/tVrDqcuYzQ==",
      "dependencies": [
        "loose-envify"
      ]
    },
    "tslib@2.8.1": {
      "integrity": "sha512-oJFu94HQb+KVduSUQL7wnpmqnfmLsOA/nAh6b6EH0wCEoK0/mPeXU6c3wKDV83MkOuHPRHtSXKKU99IBazS/2w=="
    },
    "uncontrollable@7.2.1_react@18.3.1": {
      "integrity": "sha512-svtcfoTADIB0nT9nltgjujTi7BzVmwjZClOmskKu/E8FW9BXzg9os8OLr4f8Dlnk0rYWJIWr4wv9eKUXiQvQwQ==",
      "dependencies": [
        "@babel/runtime",
        "@types/react",
        "invariant",
        "react",
        "react-lifecycles-compat"
      ]
    },
    "uncontrollable@8.0.4_react@18.3.1": {
      "integrity": "sha512-ulRWYWHvscPFc0QQXvyJjY6LIXU56f0h8pQFvhxiKk5V1fcI8gp9Ht9leVAhrVjzqMw0BgjspBINx9r6oyJUvQ==",
      "dependencies": [
        "react"
      ]
    },
    "uuid@8.3.2": {
      "integrity": "sha512-+NYs2QeMWy+GWFOEm9xnn6HCDp0l7QBD7ml8zLUmJ+93Q5NF0NocErnwkTkXVFNiX3/fpC6afS8Dhb/gz7R7eg=="
    },
    "warning@4.0.3": {
      "integrity": "sha512-rpJyN222KWIvHJ/F53XSZv0Zl/accqHR8et1kpaMTD/fLCRxtV8iX8czMzY7sVZupTI3zcUTg8eycS2kNF9l6w==",
      "dependencies": [
        "loose-envify"
      ]
    }
  },
  "workspace": {
    "dependencies": [
      "jsr:@david/dax@0.42.0",
      "jsr:@luca/esbuild-deno-loader@0.11.0",
      "jsr:@mjackson/multipart-parser@0.6.2",
      "jsr:@std/cli@1.0.7",
      "jsr:@std/path@1.0.8",
      "npm:@types/react@*",
      "npm:esbuild@0.24.0",
      "npm:node-taglib-sharp@6.0.0",
      "npm:react-bootstrap@2.10.6",
      "npm:react-dom@18.3.1",
      "npm:react@18.3.1"
    ]
  }
}
